
Microsoft Visual Studio Solution File, Format Version 12.00
# Visual Studio Version 17
VisualStudioVersion = 17.9.34607.119
MinimumVisualStudioVersion = 10.0.40219.1
Project("{9A19103F-16F7-4668-BE54-9A1E7A4F7556}") = "xPlugUniAdmissionManager", "xPlugUniAdmissionManager.csproj", "{D545BC76-D84B-4D0D-B224-2F44257F472F}"
EndProject
Global
	GlobalSection(SolutionConfigurationPlatforms) = preSolution
		Debug|Any CPU = Debug|Any CPU
		Release|Any CPU = Release|Any CPU
	EndGlobalSection
	GlobalSection(ProjectConfigurationPlatforms) = postSolution
		{D545BC76-D84B-4D0D-B224-2F44257F472F}.Debug|Any CPU.ActiveCfg = Debug|Any CPU
		{D545BC76-D84B-4D0D-B224-2F44257F472F}.Debug|Any CPU.Build.0 = Debug|Any CPU
		{D545BC76-D84B-4D0D-B224-2F44257F472F}.Release|Any CPU.ActiveCfg = Release|Any CPU
		{D545BC76-D84B-4D0D-B224-2F44257F472F}.Release|Any CPU.Build.0 = Release|Any CPU
	EndGlobalSection
	GlobalSection(SolutionProperties) = preSolution
		HideSolutionNode = FALSE
	EndGlobalSection
	GlobalSection(ExtensibilityGlobals) = postSolution
		SolutionGuid = {54352600-2BAB-4BAA-A21E-57A1E9A8DCF9}
	EndGlobalSection
EndGlobal
